# THIS IS AN AUTOGENERATED FILE. DO NOT EDIT THIS FILE DIRECTLY.
# yarn lockfile v1


esm@3.1.0:
  version "3.1.0"
  resolved "https://registry.yarnpkg.com/esm/-/esm-3.1.0.tgz#89eb950b3f04b691b12f96a0d9c8de93039a1a26"
  integrity sha512-r4Go7Wh7Wh0WPinRXeeM9PIajRsUdt8SAyki5R1obVc0+BwtqvtjbngVSSdXg0jCe2xZkY8hyBMx6q/uymUkPw==
